
Microsoft Visual Studio Solution File, Format Version 12.00
# Visual Studio 15
VisualStudioVersion = 15.0.28307.168
MinimumVisualStudioVersion = 10.0.40219.1
Project("{FAE04EC0-301F-11D3-BF4B-00C04F79EFBC}") = "OmdbSearchUI", "OmdbSearchUI\OmdbSearchUI.csproj", "{B80CBDD0-5047-471E-8BBF-BB08CAAAA3B4}"
EndProject
Project("{FAE04EC0-301F-11D3-BF4B-00C04F79EFBC}") = "OmdbSearchUnitTests", "OmdbSearchUnitTests\OmdbSearchUnitTests.csproj", "{7221607E-91E0-468C-A1D7-07DFC01E9C89}"
EndProject
Project("{2150E333-8FDC-42A3-9474-1A3956D46DE8}") = "Solution Items", "Solution Items", "{0BCF45ED-D1E7-4F5B-8872-E31420A068A2}"
	ProjectSection(SolutionItems) = preProject
		.gitignore = .gitignore
	EndProjectSection
EndProject
Global
	GlobalSection(SolutionConfigurationPlatforms) = preSolution
		Debug|Any CPU = Debug|Any CPU
		Release|Any CPU = Release|Any CPU
	EndGlobalSection
	GlobalSection(ProjectConfigurationPlatforms) = postSolution
		{B80CBDD0-5047-471E-8BBF-BB08CAAAA3B4}.Debug|Any CPU.ActiveCfg = Debug|Any CPU
		{B80CBDD0-5047-471E-8BBF-BB08CAAAA3B4}.Debug|Any CPU.Build.0 = Debug|Any CPU
		{B80CBDD0-5047-471E-8BBF-BB08CAAAA3B4}.Release|Any CPU.ActiveCfg = Release|Any CPU
		{B80CBDD0-5047-471E-8BBF-BB08CAAAA3B4}.Release|Any CPU.Build.0 = Release|Any CPU
		{7221607E-91E0-468C-A1D7-07DFC01E9C89}.Debug|Any CPU.ActiveCfg = Debug|Any CPU
		{7221607E-91E0-468C-A1D7-07DFC01E9C89}.Debug|Any CPU.Build.0 = Debug|Any CPU
		{7221607E-91E0-468C-A1D7-07DFC01E9C89}.Release|Any CPU.ActiveCfg = Release|Any CPU
		{7221607E-91E0-468C-A1D7-07DFC01E9C89}.Release|Any CPU.Build.0 = Release|Any CPU
	EndGlobalSection
	GlobalSection(SolutionProperties) = preSolution
		HideSolutionNode = FALSE
	EndGlobalSection
	GlobalSection(ExtensibilityGlobals) = postSolution
		SolutionGuid = {E0C9CACE-55AE-4371-90B9-088878AB7D98}
	EndGlobalSection
EndGlobal
